
Microsoft Visual Studio Solution File, Format Version 12.00
# Visual Studio Version 17
VisualStudioVersion = 17.6.33815.320
MinimumVisualStudioVersion = 10.0.40219.1
Project("{9A19103F-16F7-4668-BE54-9A1E7A4F7556}") = "AdvancedModLoader", "AdvancedModLoader.csproj", "{183BCBAE-BD91-4530-9FF9-60DA1B3674C4}"
EndProject
Project("{9A19103F-16F7-4668-BE54-9A1E7A4F7556}") = "AdvancedModLoader.Desktop", "..\AdvancedModLoader.Desktop\AdvancedModLoader.Desktop.csproj", "{ECE9AECB-0936-4FDB-80E3-B4337F7E70CE}"
EndProject
Global
	GlobalSection(SolutionConfigurationPlatforms) = preSolution
		Debug|Any CPU = Debug|Any CPU
		Release|Any CPU = Release|Any CPU
	EndGlobalSection
	GlobalSection(ProjectConfigurationPlatforms) = postSolution
		{183BCBAE-BD91-4530-9FF9-60DA1B3674C4}.Debug|Any CPU.ActiveCfg = Debug|Any CPU
		{183BCBAE-BD91-4530-9FF9-60DA1B3674C4}.Debug|Any CPU.Build.0 = Debug|Any CPU
		{183BCBAE-BD91-4530-9FF9-60DA1B3674C4}.Release|Any CPU.ActiveCfg = Release|Any CPU
		{183BCBAE-BD91-4530-9FF9-60DA1B3674C4}.Release|Any CPU.Build.0 = Release|Any CPU
		{ECE9AECB-0936-4FDB-80E3-B4337F7E70CE}.Debug|Any CPU.ActiveCfg = Debug|Any CPU
		{ECE9AECB-0936-4FDB-80E3-B4337F7E70CE}.Debug|Any CPU.Build.0 = Debug|Any CPU
		{ECE9AECB-0936-4FDB-80E3-B4337F7E70CE}.Release|Any CPU.ActiveCfg = Release|Any CPU
		{ECE9AECB-0936-4FDB-80E3-B4337F7E70CE}.Release|Any CPU.Build.0 = Release|Any CPU
	EndGlobalSection
	GlobalSection(SolutionProperties) = preSolution
		HideSolutionNode = FALSE
	EndGlobalSection
	GlobalSection(ExtensibilityGlobals) = postSolution
		SolutionGuid = {BE5C8799-A600-43C0-80A0-31BF1434BD44}
	EndGlobalSection
EndGlobal
